// !$*UTF8*$!
{
	archiveVersion = 1;
	classes = {
	};
	objectVersion = 46;
	objects = {

/* Begin PBXBuildFile section */
		50EECAE015CAA82C006E54FA /* Cocoa.framework in Frameworks */ = {isa = PBXBuildFile; fileRef = 50EECADF15CAA82C006E54FA /* Cocoa.framework */; };
		50EECAEA15CAA82C006E54FA /* InfoPlist.strings in Resources */ = {isa = PBXBuildFile; fileRef = 50EECAE815CAA82C006E54FA /* InfoPlist.strings */; };
		50EECAEC15CAA82C006E54FA /* main.m in Sources */ = {isa = PBXBuildFile; fileRef = 50EECAEB15CAA82C006E54FA /* main.m */; };
		50EECAF015CAA82C006E54FA /* Credits.rtf in Resources */ = {isa = PBXBuildFile; fileRef = 50EECAEE15CAA82C006E54FA /* Credits.rtf */; };
		50EECAF315CAA82C006E54FA /* AppDelegate.m in Sources */ = {isa = PBXBuildFile; fileRef = 50EECAF215CAA82C006E54FA /* AppDelegate.m */; };
		50EECAF615CAA82C006E54FA /* MainMenu.xib in Resources */ = {isa = PBXBuildFile; fileRef = 50EECAF415CAA82C006E54FA /* MainMenu.xib */; };
		8508F5191986BD2D00D67F65 /* SDCommandExecuter.m in Sources */ = {isa = PBXBuildFile; fileRef = 8508F5181986BD2D00D67F65 /* SDCommandExecuter.m */; };
		850E07F719937FF100B74AB9 /* SDSpotifyPlayer.m in Sources */ = {isa = PBXBuildFile; fileRef = 850E07F619937FF100B74AB9 /* SDSpotifyPlayer.m */; };
		850E07FA1994B84500B74AB9 /* SDCommandResponseRecorder.m in Sources */ = {isa = PBXBuildFile; fileRef = 850E07F91994B84500B74AB9 /* SDCommandResponseRecorder.m */; };
		854FF4EB1984FACD008CAD25 /* NSDictionary+jsonString.m in Sources */ = {isa = PBXBuildFile; fileRef = 854FF4EA1984FACD008CAD25 /* NSDictionary+jsonString.m */; };
		85E25DF5197E76D80013FF67 /* SDCommandServer.m in Sources */ = {isa = PBXBuildFile; fileRef = 85E25DF4197E76D80013FF67 /* SDCommandServer.m */; };
		85E25DFC197E77630013FF67 /* GCDAsyncSocket.m in Sources */ = {isa = PBXBuildFile; fileRef = 85E25DF9197E77630013FF67 /* GCDAsyncSocket.m */; };
		85E25DFD197E77630013FF67 /* GCDAsyncUdpSocket.m in Sources */ = {isa = PBXBuildFile; fileRef = 85E25DFB197E77630013FF67 /* GCDAsyncUdpSocket.m */; };
		85E25DFF197F91F70013FF67 /* Security.framework in Frameworks */ = {isa = PBXBuildFile; fileRef = 85E25DFE197F91F70013FF67 /* Security.framework */; };
		85E25E03197FE93B0013FF67 /* SDCommand.m in Sources */ = {isa = PBXBuildFile; fileRef = 85E25E02197FE93B0013FF67 /* SDCommand.m */; };
		85EE1B5E197E6A8400EA5E7E /* CocoaLibSpotify.framework in Frameworks */ = {isa = PBXBuildFile; fileRef = 85EE1B5A197E6A4300EA5E7E /* CocoaLibSpotify.framework */; };
		85EE1B5F197E6AA200EA5E7E /* CocoaLibSpotify.framework in Copy Frameworks */ = {isa = PBXBuildFile; fileRef = 85EE1B5A197E6A4300EA5E7E /* CocoaLibSpotify.framework */; };
/* End PBXBuildFile section */

/* Begin PBXContainerItemProxy section */
		85EE1B59197E6A4300EA5E7E /* PBXContainerItemProxy */ = {
			isa = PBXContainerItemProxy;
			containerPortal = 85EE1B54197E6A4300EA5E7E /* CocoaLibSpotify Mac Framework.xcodeproj */;
			proxyType = 2;
			remoteGlobalIDString = 503D630F13258041007772CA;
			remoteInfo = CocoaLibSpotify;
		};
		85EE1B5B197E6A4300EA5E7E /* PBXContainerItemProxy */ = {
			isa = PBXContainerItemProxy;
			containerPortal = 85EE1B54197E6A4300EA5E7E /* CocoaLibSpotify Mac Framework.xcodeproj */;
			proxyType = 2;
			remoteGlobalIDString = 504E4934155AA85400E1C0F7;
			remoteInfo = CocoaLSTests;
		};
		85EE1B60197E6AD700EA5E7E /* PBXContainerItemProxy */ = {
			isa = PBXContainerItemProxy;
			containerPortal = 85EE1B54197E6A4300EA5E7E /* CocoaLibSpotify Mac Framework.xcodeproj */;
			proxyType = 1;
			remoteGlobalIDString = 503D630E13258041007772CA;
			remoteInfo = CocoaLibSpotify;
		};
/* End PBXContainerItemProxy section */

/* Begin PBXCopyFilesBuildPhase section */
		50EECB0C15CAA86D006E54FA /* Copy Frameworks */ = {
			isa = PBXCopyFilesBuildPhase;
			buildActionMask = 2147483647;
			dstPath = "";
			dstSubfolderSpec = 10;
			files = (
				85EE1B5F197E6AA200EA5E7E /* CocoaLibSpotify.framework in Copy Frameworks */,
			);
			name = "Copy Frameworks";
			runOnlyForDeploymentPostprocessing = 0;
		};
/* End PBXCopyFilesBuildPhase section */

/* Begin PBXFileReference section */
		50EECADB15CAA82C006E54FA /* SpotDaDaemon.app */ = {isa = PBXFileReference; explicitFileType = wrapper.application; includeInIndex = 0; path = SpotDaDaemon.app; sourceTree = BUILT_PRODUCTS_DIR; };
		50EECADF15CAA82C006E54FA /* Cocoa.framework */ = {isa = PBXFileReference; lastKnownFileType = wrapper.framework; name = Cocoa.framework; path = System/Library/Frameworks/Cocoa.framework; sourceTree = SDKROOT; };
		50EECAE215CAA82C006E54FA /* AppKit.framework */ = {isa = PBXFileReference; lastKnownFileType = wrapper.framework; name = AppKit.framework; path = System/Library/Frameworks/AppKit.framework; sourceTree = SDKROOT; };
		50EECAE315CAA82C006E54FA /* CoreData.framework */ = {isa = PBXFileReference; lastKnownFileType = wrapper.framework; name = CoreData.framework; path = System/Library/Frameworks/CoreData.framework; sourceTree = SDKROOT; };
		50EECAE415CAA82C006E54FA /* Foundation.framework */ = {isa = PBXFileReference; lastKnownFileType = wrapper.framework; name = Foundation.framework; path = System/Library/Frameworks/Foundation.framework; sourceTree = SDKROOT; };
		50EECAE715CAA82C006E54FA /* SpotDaDaemon-Info.plist */ = {isa = PBXFileReference; lastKnownFileType = text.plist.xml; path = "SpotDaDaemon-Info.plist"; sourceTree = "<group>"; };
		50EECAE915CAA82C006E54FA /* en */ = {isa = PBXFileReference; lastKnownFileType = text.plist.strings; name = en; path = en.lproj/InfoPlist.strings; sourceTree = "<group>"; };
		50EECAEB15CAA82C006E54FA /* main.m */ = {isa = PBXFileReference; lastKnownFileType = sourcecode.c.objc; path = main.m; sourceTree = "<group>"; };
		50EECAED15CAA82C006E54FA /* SpotDaDaemon-Prefix.pch */ = {isa = PBXFileReference; lastKnownFileType = sourcecode.c.h; path = "SpotDaDaemon-Prefix.pch"; sourceTree = "<group>"; };
		50EECAEF15CAA82C006E54FA /* en */ = {isa = PBXFileReference; lastKnownFileType = text.rtf; name = en; path = en.lproj/Credits.rtf; sourceTree = "<group>"; };
		50EECAF115CAA82C006E54FA /* AppDelegate.h */ = {isa = PBXFileReference; lastKnownFileType = sourcecode.c.h; path = AppDelegate.h; sourceTree = "<group>"; };
		50EECAF215CAA82C006E54FA /* AppDelegate.m */ = {isa = PBXFileReference; lastKnownFileType = sourcecode.c.objc; path = AppDelegate.m; sourceTree = "<group>"; };
		50EECAF515CAA82C006E54FA /* en */ = {isa = PBXFileReference; lastKnownFileType = file.xib; name = en; path = en.lproj/MainMenu.xib; sourceTree = "<group>"; };
		8508F5171986BD2D00D67F65 /* SDCommandExecuter.h */ = {isa = PBXFileReference; fileEncoding = 4; lastKnownFileType = sourcecode.c.h; path = SDCommandExecuter.h; sourceTree = "<group>"; };
		8508F5181986BD2D00D67F65 /* SDCommandExecuter.m */ = {isa = PBXFileReference; fileEncoding = 4; lastKnownFileType = sourcecode.c.objc; path = SDCommandExecuter.m; sourceTree = "<group>"; };
		8508F51B19877B9900D67F65 /* SDCommandExecuterDelegate.h */ = {isa = PBXFileReference; lastKnownFileType = sourcecode.c.h; path = SDCommandExecuterDelegate.h; sourceTree = "<group>"; };
		850E07F519937FF100B74AB9 /* SDSpotifyPlayer.h */ = {isa = PBXFileReference; fileEncoding = 4; lastKnownFileType = sourcecode.c.h; path = SDSpotifyPlayer.h; sourceTree = "<group>"; };
		850E07F619937FF100B74AB9 /* SDSpotifyPlayer.m */ = {isa = PBXFileReference; fileEncoding = 4; lastKnownFileType = sourcecode.c.objc; path = SDSpotifyPlayer.m; sourceTree = "<group>"; };
		850E07F81994B84500B74AB9 /* SDCommandResponseRecorder.h */ = {isa = PBXFileReference; fileEncoding = 4; lastKnownFileType = sourcecode.c.h; path = SDCommandResponseRecorder.h; sourceTree = "<group>"; };
		850E07F91994B84500B74AB9 /* SDCommandResponseRecorder.m */ = {isa = PBXFileReference; fileEncoding = 4; lastKnownFileType = sourcecode.c.objc; path = SDCommandResponseRecorder.m; sourceTree = "<group>"; };
		854FF4E91984FACD008CAD25 /* NSDictionary+jsonString.h */ = {isa = PBXFileReference; fileEncoding = 4; lastKnownFileType = sourcecode.c.h; path = "NSDictionary+jsonString.h"; sourceTree = "<group>"; };
		854FF4EA1984FACD008CAD25 /* NSDictionary+jsonString.m */ = {isa = PBXFileReference; fileEncoding = 4; lastKnownFileType = sourcecode.c.objc; path = "NSDictionary+jsonString.m"; sourceTree = "<group>"; };
		85E25DF3197E76D80013FF67 /* SDCommandServer.h */ = {isa = PBXFileReference; fileEncoding = 4; lastKnownFileType = sourcecode.c.h; path = SDCommandServer.h; sourceTree = "<group>"; };
		85E25DF4197E76D80013FF67 /* SDCommandServer.m */ = {isa = PBXFileReference; fileEncoding = 4; lastKnownFileType = sourcecode.c.objc; path = SDCommandServer.m; sourceTree = "<group>"; };
		85E25DF8197E77630013FF67 /* GCDAsyncSocket.h */ = {isa = PBXFileReference; fileEncoding = 4; lastKnownFileType = sourcecode.c.h; path = GCDAsyncSocket.h; sourceTree = "<group>"; };
		85E25DF9197E77630013FF67 /* GCDAsyncSocket.m */ = {isa = PBXFileReference; fileEncoding = 4; lastKnownFileType = sourcecode.c.objc; path = GCDAsyncSocket.m; sourceTree = "<group>"; };
		85E25DFA197E77630013FF67 /* GCDAsyncUdpSocket.h */ = {isa = PBXFileReference; fileEncoding = 4; lastKnownFileType = sourcecode.c.h; path = GCDAsyncUdpSocket.h; sourceTree = "<group>"; };
		85E25DFB197E77630013FF67 /* GCDAsyncUdpSocket.m */ = {isa = PBXFileReference; fileEncoding = 4; lastKnownFileType = sourcecode.c.objc; path = GCDAsyncUdpSocket.m; sourceTree = "<group>"; };
		85E25DFE197F91F70013FF67 /* Security.framework */ = {isa = PBXFileReference; lastKnownFileType = wrapper.framework; name = Security.framework; path = System/Library/Frameworks/Security.framework; sourceTree = SDKROOT; };
		85E25E01197FE93B0013FF67 /* SDCommand.h */ = {isa = PBXFileReference; fileEncoding = 4; lastKnownFileType = sourcecode.c.h; path = SDCommand.h; sourceTree = "<group>"; };
		85E25E02197FE93B0013FF67 /* SDCommand.m */ = {isa = PBXFileReference; fileEncoding = 4; lastKnownFileType = sourcecode.c.objc; path = SDCommand.m; sourceTree = "<group>"; };
		85EE1B54197E6A4300EA5E7E /* CocoaLibSpotify Mac Framework.xcodeproj */ = {isa = PBXFileReference; lastKnownFileType = "wrapper.pb-project"; name = "CocoaLibSpotify Mac Framework.xcodeproj"; path = "../CocoaLibSpotify/CocoaLibSpotify Mac Framework.xcodeproj"; sourceTree = "<group>"; };
/* End PBXFileReference section */

/* Begin PBXFrameworksBuildPhase section */
		50EECAD815CAA82C006E54FA /* Frameworks */ = {
			isa = PBXFrameworksBuildPhase;
			buildActionMask = 2147483647;
			files = (
				85E25DFF197F91F70013FF67 /* Security.framework in Frameworks */,
				85EE1B5E197E6A8400EA5E7E /* CocoaLibSpotify.framework in Frameworks */,
				50EECAE015CAA82C006E54FA /* Cocoa.framework in Frameworks */,
			);
			runOnlyForDeploymentPostprocessing = 0;
		};
/* End PBXFrameworksBuildPhase section */

/* Begin PBXGroup section */
		50EECAD015CAA82C006E54FA = {
			isa = PBXGroup;
			children = (
				85EE1B54197E6A4300EA5E7E /* CocoaLibSpotify Mac Framework.xcodeproj */,
				50EECAE515CAA82C006E54FA /* Empty CocoaLibSpotify Project */,
				50EECADE15CAA82C006E54FA /* Frameworks */,
				50EECADC15CAA82C006E54FA /* Products */,
			);
			sourceTree = "<group>";
		};
		50EECADC15CAA82C006E54FA /* Products */ = {
			isa = PBXGroup;
			children = (
				50EECADB15CAA82C006E54FA /* SpotDaDaemon.app */,
			);
			name = Products;
			sourceTree = "<group>";
		};
		50EECADE15CAA82C006E54FA /* Frameworks */ = {
			isa = PBXGroup;
			children = (
				85E25DFE197F91F70013FF67 /* Security.framework */,
				50EECADF15CAA82C006E54FA /* Cocoa.framework */,
				50EECAE115CAA82C006E54FA /* Other Frameworks */,
			);
			name = Frameworks;
			sourceTree = "<group>";
		};
		50EECAE115CAA82C006E54FA /* Other Frameworks */ = {
			isa = PBXGroup;
			children = (
				50EECAE215CAA82C006E54FA /* AppKit.framework */,
				50EECAE315CAA82C006E54FA /* CoreData.framework */,
				50EECAE415CAA82C006E54FA /* Foundation.framework */,
			);
			name = "Other Frameworks";
			sourceTree = "<group>";
		};
		50EECAE515CAA82C006E54FA /* Empty CocoaLibSpotify Project */ = {
			isa = PBXGroup;
			children = (
				854FF4ED1984FB85008CAD25 /* categories */,
				50EECAF115CAA82C006E54FA /* AppDelegate.h */,
				50EECAF215CAA82C006E54FA /* AppDelegate.m */,
				50EECAF415CAA82C006E54FA /* MainMenu.xib */,
				85E25E01197FE93B0013FF67 /* SDCommand.h */,
				85E25E02197FE93B0013FF67 /* SDCommand.m */,
				85E25DF3197E76D80013FF67 /* SDCommandServer.h */,
				85E25DF4197E76D80013FF67 /* SDCommandServer.m */,
				8508F5171986BD2D00D67F65 /* SDCommandExecuter.h */,
				8508F5181986BD2D00D67F65 /* SDCommandExecuter.m */,
				85E25DF6197E773D0013FF67 /* lib */,
				50EECAE615CAA82C006E54FA /* Supporting Files */,
				8508F51B19877B9900D67F65 /* SDCommandExecuterDelegate.h */,
				850E07F519937FF100B74AB9 /* SDSpotifyPlayer.h */,
				850E07F619937FF100B74AB9 /* SDSpotifyPlayer.m */,
				850E07F81994B84500B74AB9 /* SDCommandResponseRecorder.h */,
				850E07F91994B84500B74AB9 /* SDCommandResponseRecorder.m */,
			);
			path = "Empty CocoaLibSpotify Project";
			sourceTree = "<group>";
		};
		50EECAE615CAA82C006E54FA /* Supporting Files */ = {
			isa = PBXGroup;
			children = (
				50EECAE715CAA82C006E54FA /* SpotDaDaemon-Info.plist */,
				50EECAE815CAA82C006E54FA /* InfoPlist.strings */,
				50EECAEB15CAA82C006E54FA /* main.m */,
				50EECAED15CAA82C006E54FA /* SpotDaDaemon-Prefix.pch */,
				50EECAEE15CAA82C006E54FA /* Credits.rtf */,
			);
			name = "Supporting Files";
			sourceTree = "<group>";
		};
		854FF4ED1984FB85008CAD25 /* categories */ = {
			isa = PBXGroup;
			children = (
				854FF4E91984FACD008CAD25 /* NSDictionary+jsonString.h */,
				854FF4EA1984FACD008CAD25 /* NSDictionary+jsonString.m */,
			);
			name = categories;
			sourceTree = "<group>";
		};
		85E25DF6197E773D0013FF67 /* lib */ = {
			isa = PBXGroup;
			children = (
				85E25DF7197E77560013FF67 /* GCDAsyncSocket */,
			);
			name = lib;
			sourceTree = "<group>";
		};
		85E25DF7197E77560013FF67 /* GCDAsyncSocket */ = {
			isa = PBXGroup;
			children = (
				85E25DF8197E77630013FF67 /* GCDAsyncSocket.h */,
				85E25DF9197E77630013FF67 /* GCDAsyncSocket.m */,
				85E25DFA197E77630013FF67 /* GCDAsyncUdpSocket.h */,
				85E25DFB197E77630013FF67 /* GCDAsyncUdpSocket.m */,
			);
			name = GCDAsyncSocket;
			sourceTree = "<group>";
		};
		85EE1B55197E6A4300EA5E7E /* Products */ = {
			isa = PBXGroup;
			children = (
				85EE1B5A197E6A4300EA5E7E /* CocoaLibSpotify.framework */,
				85EE1B5C197E6A4300EA5E7E /* CocoaLSTests.app */,
			);
			name = Products;
			sourceTree = "<group>";
		};
/* End PBXGroup section */

/* Begin PBXNativeTarget section */
		50EECADA15CAA82C006E54FA /* SpotDaDaemon */ = {
			isa = PBXNativeTarget;
			buildConfigurationList = 50EECAF915CAA82C006E54FA /* Build configuration list for PBXNativeTarget "SpotDaDaemon" */;
			buildPhases = (
				50EECAD715CAA82C006E54FA /* Sources */,
				50EECAD815CAA82C006E54FA /* Frameworks */,
				50EECAD915CAA82C006E54FA /* Resources */,
				50EECB0C15CAA86D006E54FA /* Copy Frameworks */,
			);
			buildRules = (
			);
			dependencies = (
				85EE1B61197E6AD700EA5E7E /* PBXTargetDependency */,
			);
			name = SpotDaDaemon;
			productName = "Empty CocoaLibSpotify Project";
			productReference = 50EECADB15CAA82C006E54FA /* SpotDaDaemon.app */;
			productType = "com.apple.product-type.application";
		};
/* End PBXNativeTarget section */

/* Begin PBXProject section */
		50EECAD215CAA82C006E54FA /* Project object */ = {
			isa = PBXProject;
			attributes = {
				LastUpgradeCheck = 0510;
				ORGANIZATIONNAME = "Your Company";
			};
			buildConfigurationList = 50EECAD515CAA82C006E54FA /* Build configuration list for PBXProject "SpotDaDaemon" */;
			compatibilityVersion = "Xcode 3.2";
			developmentRegion = English;
			hasScannedForEncodings = 0;
			knownRegions = (
				en,
			);
			mainGroup = 50EECAD015CAA82C006E54FA;
			productRefGroup = 50EECADC15CAA82C006E54FA /* Products */;
			projectDirPath = "";
			projectReferences = (
				{
					ProductGroup = 85EE1B55197E6A4300EA5E7E /* Products */;
					ProjectRef = 85EE1B54197E6A4300EA5E7E /* CocoaLibSpotify Mac Framework.xcodeproj */;
				},
			);
			projectRoot = "";
			targets = (
				50EECADA15CAA82C006E54FA /* SpotDaDaemon */,
			);
		};
/* End PBXProject section */

/* Begin PBXReferenceProxy section */
		85EE1B5A197E6A4300EA5E7E /* CocoaLibSpotify.framework */ = {
			isa = PBXReferenceProxy;
			fileType = wrapper.framework;
			path = CocoaLibSpotify.framework;
			remoteRef = 85EE1B59197E6A4300EA5E7E /* PBXContainerItemProxy */;
			sourceTree = BUILT_PRODUCTS_DIR;
		};
		85EE1B5C197E6A4300EA5E7E /* CocoaLSTests.app */ = {
			isa = PBXReferenceProxy;
			fileType = wrapper.application;
			path = CocoaLSTests.app;
			remoteRef = 85EE1B5B197E6A4300EA5E7E /* PBXContainerItemProxy */;
			sourceTree = BUILT_PRODUCTS_DIR;
		};
/* End PBXReferenceProxy section */

/* Begin PBXResourcesBuildPhase section */
		50EECAD915CAA82C006E54FA /* Resources */ = {
			isa = PBXResourcesBuildPhase;
			buildActionMask = 2147483647;
			files = (
				50EECAEA15CAA82C006E54FA /* InfoPlist.strings in Resources */,
				50EECAF015CAA82C006E54FA /* Credits.rtf in Resources */,
				50EECAF615CAA82C006E54FA /* MainMenu.xib in Resources */,
			);
			runOnlyForDeploymentPostprocessing = 0;
		};
/* End PBXResourcesBuildPhase section */

/* Begin PBXSourcesBuildPhase section */
		50EECAD715CAA82C006E54FA /* Sources */ = {
			isa = PBXSourcesBuildPhase;
			buildActionMask = 2147483647;
			files = (
				85E25DFC197E77630013FF67 /* GCDAsyncSocket.m in Sources */,
				8508F5191986BD2D00D67F65 /* SDCommandExecuter.m in Sources */,
				85E25DFD197E77630013FF67 /* GCDAsyncUdpSocket.m in Sources */,
				850E07FA1994B84500B74AB9 /* SDCommandResponseRecorder.m in Sources */,
				850E07F719937FF100B74AB9 /* SDSpotifyPlayer.m in Sources */,
				854FF4EB1984FACD008CAD25 /* NSDictionary+jsonString.m in Sources */,
				85E25E03197FE93B0013FF67 /* SDCommand.m in Sources */,
				85E25DF5197E76D80013FF67 /* SDCommandServer.m in Sources */,
				50EECAEC15CAA82C006E54FA /* main.m in Sources */,
				50EECAF315CAA82C006E54FA /* AppDelegate.m in Sources */,
			);
			runOnlyForDeploymentPostprocessing = 0;
		};
/* End PBXSourcesBuildPhase section */

/* Begin PBXTargetDependency section */
		85EE1B61197E6AD700EA5E7E /* PBXTargetDependency */ = {
			isa = PBXTargetDependency;
			name = CocoaLibSpotify;
			targetProxy = 85EE1B60197E6AD700EA5E7E /* PBXContainerItemProxy */;
		};
/* End PBXTargetDependency section */

/* Begin PBXVariantGroup section */
		50EECAE815CAA82C006E54FA /* InfoPlist.strings */ = {
			isa = PBXVariantGroup;
			children = (
				50EECAE915CAA82C006E54FA /* en */,
			);
			name = InfoPlist.strings;
			sourceTree = "<group>";
		};
		50EECAEE15CAA82C006E54FA /* Credits.rtf */ = {
			isa = PBXVariantGroup;
			children = (
				50EECAEF15CAA82C006E54FA /* en */,
			);
			name = Credits.rtf;
			sourceTree = "<group>";
		};
		50EECAF415CAA82C006E54FA /* MainMenu.xib */ = {
			isa = PBXVariantGroup;
			children = (
				50EECAF515CAA82C006E54FA /* en */,
			);
			name = MainMenu.xib;
			sourceTree = "<group>";
		};
/* End PBXVariantGroup section */

/* Begin XCBuildConfiguration section */
		50EECAF715CAA82C006E54FA /* Debug */ = {
			isa = XCBuildConfiguration;
			buildSettings = {
				ALWAYS_SEARCH_USER_PATHS = NO;
				CLANG_CXX_LANGUAGE_STANDARD = "gnu++0x";
				CLANG_ENABLE_OBJC_ARC = YES;
				CLANG_WARN__DUPLICATE_METHOD_MATCH = YES;
				COPY_PHASE_STRIP = NO;
				GCC_C_LANGUAGE_STANDARD = gnu99;
				GCC_DYNAMIC_NO_PIC = NO;
				GCC_ENABLE_OBJC_EXCEPTIONS = YES;
				GCC_OPTIMIZATION_LEVEL = 0;
				GCC_PREPROCESSOR_DEFINITIONS = (
					"DEBUG=1",
					"$(inherited)",
				);
				GCC_SYMBOLS_PRIVATE_EXTERN = NO;
				GCC_WARN_64_TO_32_BIT_CONVERSION = YES;
				GCC_WARN_ABOUT_RETURN_TYPE = YES;
				GCC_WARN_UNINITIALIZED_AUTOS = YES;
				GCC_WARN_UNUSED_VARIABLE = YES;
				MACOSX_DEPLOYMENT_TARGET = 10.8;
				ONLY_ACTIVE_ARCH = YES;
				SDKROOT = macosx;
			};
			name = Debug;
		};
		50EECAF815CAA82C006E54FA /* Release */ = {
			isa = XCBuildConfiguration;
			buildSettings = {
				ALWAYS_SEARCH_USER_PATHS = NO;
				CLANG_CXX_LANGUAGE_STANDARD = "gnu++0x";
				CLANG_ENABLE_OBJC_ARC = YES;
				CLANG_WARN__DUPLICATE_METHOD_MATCH = YES;
				COPY_PHASE_STRIP = YES;
				DEBUG_INFORMATION_FORMAT = "dwarf-with-dsym";
				GCC_C_LANGUAGE_STANDARD = gnu99;
				GCC_ENABLE_OBJC_EXCEPTIONS = YES;
				GCC_WARN_64_TO_32_BIT_CONVERSION = YES;
				GCC_WARN_ABOUT_RETURN_TYPE = YES;
				GCC_WARN_UNINITIALIZED_AUTOS = YES;
				GCC_WARN_UNUSED_VARIABLE = YES;
				MACOSX_DEPLOYMENT_TARGET = 10.8;
				SDKROOT = macosx;
			};
			name = Release;
		};
		50EECAFA15CAA82C006E54FA /* Debug */ = {
			isa = XCBuildConfiguration;
			buildSettings = {
				COMBINE_HIDPI_IMAGES = YES;
				FRAMEWORK_SEARCH_PATHS = "$(CONFIGURATION_BUILD_DIR)/CocoaLibSpotify.framework/Versions/Frameworks";
				GCC_PRECOMPILE_PREFIX_HEADER = YES;
				GCC_PREFIX_HEADER = "Empty CocoaLibSpotify Project/SpotDaDaemon-Prefix.pch";
				INFOPLIST_FILE = "Empty CocoaLibSpotify Project/SpotDaDaemon-Info.plist";
				LD_RUNPATH_SEARCH_PATHS = "@loader_path/../Frameworks";
				PRODUCT_NAME = SpotDaDaemon;
				WRAPPER_EXTENSION = app;
			};
			name = Debug;
		};
		50EECAFB15CAA82C006E54FA /* Release */ = {
			isa = XCBuildConfiguration;
			buildSettings = {
				COMBINE_HIDPI_IMAGES = YES;
				FRAMEWORK_SEARCH_PATHS = "$(CONFIGURATION_BUILD_DIR)/CocoaLibSpotify.framework/Versions/Frameworks";
				GCC_PRECOMPILE_PREFIX_HEADER = YES;
				GCC_PREFIX_HEADER = "Empty CocoaLibSpotify Project/SpotDaDaemon-Prefix.pch";
				INFOPLIST_FILE = "Empty CocoaLibSpotify Project/SpotDaDaemon-Info.plist";
				LD_RUNPATH_SEARCH_PATHS = "@loader_path/../Frameworks";
				PRODUCT_NAME = SpotDaDaemon;
				WRAPPER_EXTENSION = app;
			};
			name = Release;
		};
/* End XCBuildConfiguration section */

/* Begin XCConfigurationList section */
		50EECAD515CAA82C006E54FA /* Build configuration list for PBXProject "SpotDaDaemon" */ = {
			isa = XCConfigurationList;
			buildConfigurations = (
				50EECAF715CAA82C006E54FA /* Debug */,
				50EECAF815CAA82C006E54FA /* Release */,
			);
			defaultConfigurationIsVisible = 0;
			defaultConfigurationName = Release;
		};
		50EECAF915CAA82C006E54FA /* Build configuration list for PBXNativeTarget "SpotDaDaemon" */ = {
			isa = XCConfigurationList;
			buildConfigurations = (
				50EECAFA15CAA82C006E54FA /* Debug */,
				50EECAFB15CAA82C006E54FA /* Release */,
			);
			defaultConfigurationIsVisible = 0;
			defaultConfigurationName = Release;
		};
/* End XCConfigurationList section */
	};
	rootObject = 50EECAD215CAA82C006E54FA /* Project object */;
}
